{
    "_meta": {
        "hash": {
            "sha256": "99832f28379df29bb52aaddf73ec41e34dabbe9025cd8adffe4695c85e78c1cb"
        },
        "pipfile-spec": 6,
        "requires": {
            "python_version": "3.9"
        },
        "sources": [
            {
                "name": "pypi",
                "url": "https://pypi.org/simple",
                "verify_ssl": true
            }
        ]
    },
    "default": {
        "prometheus-client": {
            "hashes": [
                "sha256:21e674f39831ae3f8acde238afd9a27a37d0d2fb5a28ea094f0ce25d2cbf2091",
                "sha256:e537f37160f6807b8202a6fc4764cdd19bac5480ddd3e0d463c3002b34462101"
            ],
            "index": "pypi",
            "version": "==0.17.1"
        }
    },
    "develop": {}
}
