{
    "_meta": {
        "hash": {
            "sha256": "99832f28379df29bb52aaddf73ec41e34dabbe9025cd8adffe4695c85e78c1cb"
        },
        "pipfile-spec": 6,
        "requires": {
            "python_version": "3.9"
        },
        "sources": [
            {
                "name": "pypi",
                "url": "https://pypi.org/simple",
                "verify_ssl": true
            }
        ]
    },
    "default": {
        "prometheus-client": {
            "hashes": [
                "sha256:287629d00b147a32dcb2be0b9df905da599b2d82f80377083ec8463309a4bb89",
                "sha256:cde524a85bce83ca359cc837f28b8c0db5cac7aa653a588fd7e84ba061c329e7"
            ],
            "index": "pypi",
            "markers": "python_version >= '3.8'",
            "version": "==0.20.0"
        }
    },
    "develop": {}
}
