{
    "_meta": {
        "hash": {
            "sha256": "68c50b4e9b1aa8b115b682abe5213b76ca05a9e8ecb67206b3e5cd1c0fe33dc2"
        },
        "pipfile-spec": 6,
        "requires": {
            "python_version": "3.9"
        },
        "sources": [
            {
                "name": "pypi",
                "url": "https://pypi.org/simple",
                "verify_ssl": true
            }
        ]
    },
    "default": {
        "prometheus-client": {
            "hashes": [
                "sha256:357a447fd2359b0a1d2e9b311a0c5778c330cfbe186d880ad5a6b39884652316",
                "sha256:ada41b891b79fca5638bd5cfe149efa86512eaa55987893becd2c6d8d0a5dfc5"
            ],
            "index": "pypi",
            "version": "==0.13.1"
        }
    },
    "develop": {}
}
